// !$*UTF8*$!
{
	archiveVersion = 1;
	classes = {
	};
	objectVersion = 50;
	objects = {

/* Begin PBXBuildFile section */
		E4456E31264C0D2200712D39 /* AppDelegate.swift in Sources */ = {isa = PBXBuildFile; fileRef = E4456E30264C0D2200712D39 /* AppDelegate.swift */; };
		E4456E33264C0D2200712D39 /* ViewController.swift in Sources */ = {isa = PBXBuildFile; fileRef = E4456E32264C0D2200712D39 /* ViewController.swift */; };
		E4456E35264C0D2300712D39 /* Assets.xcassets in Resources */ = {isa = PBXBuildFile; fileRef = E4456E34264C0D2300712D39 /* Assets.xcassets */; };
		E4456E38264C0D2300712D39 /* Main.storyboard in Resources */ = {isa = PBXBuildFile; fileRef = E4456E36264C0D2300712D39 /* Main.storyboard */; };
		E4456E41264C1B5A00712D39 /* Browser.swift in Sources */ = {isa = PBXBuildFile; fileRef = E4456E40264C1B5A00712D39 /* Browser.swift */; };
		E4456E45264C267600712D39 /* LICENSE.txt in Resources */ = {isa = PBXBuildFile; fileRef = E4456E44264C267600712D39 /* LICENSE.txt */; };
		E4456E47264C268900712D39 /* Notes.txt in Resources */ = {isa = PBXBuildFile; fileRef = E4456E46264C268900712D39 /* Notes.txt */; };
		E4456E49264C2EFB00712D39 /* Listener.swift in Sources */ = {isa = PBXBuildFile; fileRef = E4456E48264C2EFB00712D39 /* Listener.swift */; };
		E4456E4B264C375400712D39 /* Connection.swift in Sources */ = {isa = PBXBuildFile; fileRef = E4456E4A264C375400712D39 /* Connection.swift */; };
		E4456E4E264C6B2400712D39 /* NodeCollectionViewItem.swift in Sources */ = {isa = PBXBuildFile; fileRef = E4456E4C264C6B2400712D39 /* NodeCollectionViewItem.swift */; };
		E4456E4F264C6B2400712D39 /* NodeCollectionViewItem.xib in Resources */ = {isa = PBXBuildFile; fileRef = E4456E4D264C6B2400712D39 /* NodeCollectionViewItem.xib */; };
/* End PBXBuildFile section */

/* Begin PBXFileReference section */
		E4456E2D264C0D2200712D39 /* Bonjour1.app */ = {isa = PBXFileReference; explicitFileType = wrapper.application; includeInIndex = 0; path = Bonjour1.app; sourceTree = BUILT_PRODUCTS_DIR; };
		E4456E30264C0D2200712D39 /* AppDelegate.swift */ = {isa = PBXFileReference; lastKnownFileType = sourcecode.swift; path = AppDelegate.swift; sourceTree = "<group>"; };
		E4456E32264C0D2200712D39 /* ViewController.swift */ = {isa = PBXFileReference; lastKnownFileType = sourcecode.swift; path = ViewController.swift; sourceTree = "<group>"; };
		E4456E34264C0D2300712D39 /* Assets.xcassets */ = {isa = PBXFileReference; lastKnownFileType = folder.assetcatalog; path = Assets.xcassets; sourceTree = "<group>"; };
		E4456E37264C0D2300712D39 /* Base */ = {isa = PBXFileReference; lastKnownFileType = file.storyboard; name = Base; path = Base.lproj/Main.storyboard; sourceTree = "<group>"; };
		E4456E39264C0D2300712D39 /* Info.plist */ = {isa = PBXFileReference; lastKnownFileType = text.plist.xml; path = Info.plist; sourceTree = "<group>"; };
		E4456E3A264C0D2300712D39 /* Bonjour1.entitlements */ = {isa = PBXFileReference; lastKnownFileType = text.plist.entitlements; path = Bonjour1.entitlements; sourceTree = "<group>"; };
		E4456E40264C1B5A00712D39 /* Browser.swift */ = {isa = PBXFileReference; lastKnownFileType = sourcecode.swift; path = Browser.swift; sourceTree = "<group>"; };
		E4456E44264C267600712D39 /* LICENSE.txt */ = {isa = PBXFileReference; fileEncoding = 4; lastKnownFileType = text; path = LICENSE.txt; sourceTree = "<group>"; };
		E4456E46264C268900712D39 /* Notes.txt */ = {isa = PBXFileReference; lastKnownFileType = text; path = Notes.txt; sourceTree = "<group>"; };
		E4456E48264C2EFB00712D39 /* Listener.swift */ = {isa = PBXFileReference; lastKnownFileType = sourcecode.swift; path = Listener.swift; sourceTree = "<group>"; };
		E4456E4A264C375400712D39 /* Connection.swift */ = {isa = PBXFileReference; lastKnownFileType = sourcecode.swift; path = Connection.swift; sourceTree = "<group>"; };
		E4456E4C264C6B2400712D39 /* NodeCollectionViewItem.swift */ = {isa = PBXFileReference; lastKnownFileType = sourcecode.swift; path = NodeCollectionViewItem.swift; sourceTree = "<group>"; };
		E4456E4D264C6B2400712D39 /* NodeCollectionViewItem.xib */ = {isa = PBXFileReference; lastKnownFileType = file.xib; path = NodeCollectionViewItem.xib; sourceTree = "<group>"; };
/* End PBXFileReference section */

/* Begin PBXFrameworksBuildPhase section */
		E4456E2A264C0D2200712D39 /* Frameworks */ = {
			isa = PBXFrameworksBuildPhase;
			buildActionMask = 2147483647;
			files = (
			);
			runOnlyForDeploymentPostprocessing = 0;
		};
/* End PBXFrameworksBuildPhase section */

/* Begin PBXGroup section */
		E4456E24264C0D2200712D39 = {
			isa = PBXGroup;
			children = (
				E4456E46264C268900712D39 /* Notes.txt */,
				E4456E42264C266400712D39 /* Apple */,
				E4456E2F264C0D2200712D39 /* Bonjour1 */,
				E4456E2E264C0D2200712D39 /* Products */,
			);
			sourceTree = "<group>";
		};
		E4456E2E264C0D2200712D39 /* Products */ = {
			isa = PBXGroup;
			children = (
				E4456E2D264C0D2200712D39 /* Bonjour1.app */,
			);
			name = Products;
			sourceTree = "<group>";
		};
		E4456E2F264C0D2200712D39 /* Bonjour1 */ = {
			isa = PBXGroup;
			children = (
				E4456E30264C0D2200712D39 /* AppDelegate.swift */,
				E4456E32264C0D2200712D39 /* ViewController.swift */,
				E4456E4C264C6B2400712D39 /* NodeCollectionViewItem.swift */,
				E4456E4D264C6B2400712D39 /* NodeCollectionViewItem.xib */,
				E4456E40264C1B5A00712D39 /* Browser.swift */,
				E4456E48264C2EFB00712D39 /* Listener.swift */,
				E4456E4A264C375400712D39 /* Connection.swift */,
				E4456E34264C0D2300712D39 /* Assets.xcassets */,
				E4456E36264C0D2300712D39 /* Main.storyboard */,
				E4456E39264C0D2300712D39 /* Info.plist */,
				E4456E3A264C0D2300712D39 /* Bonjour1.entitlements */,
			);
			path = Bonjour1;
			sourceTree = "<group>";
		};
		E4456E42264C266400712D39 /* Apple */ = {
			isa = PBXGroup;
			children = (
				E4456E43264C267600712D39 /* LICENSE */,
			);
			path = Apple;
			sourceTree = "<group>";
		};
		E4456E43264C267600712D39 /* LICENSE */ = {
			isa = PBXGroup;
			children = (
				E4456E44264C267600712D39 /* LICENSE.txt */,
			);
			path = LICENSE;
			sourceTree = "<group>";
		};
/* End PBXGroup section */

/* Begin PBXNativeTarget section */
		E4456E2C264C0D2200712D39 /* Bonjour1 */ = {
			isa = PBXNativeTarget;
			buildConfigurationList = E4456E3D264C0D2300712D39 /* Build configuration list for PBXNativeTarget "Bonjour1" */;
			buildPhases = (
				E4456E29264C0D2200712D39 /* Sources */,
				E4456E2A264C0D2200712D39 /* Frameworks */,
				E4456E2B264C0D2200712D39 /* Resources */,
			);
			buildRules = (
			);
			dependencies = (
			);
			name = Bonjour1;
			productName = Bonjour1;
			productReference = E4456E2D264C0D2200712D39 /* Bonjour1.app */;
			productType = "com.apple.product-type.application";
		};
/* End PBXNativeTarget section */

/* Begin PBXProject section */
		E4456E25264C0D2200712D39 /* Project object */ = {
			isa = PBXProject;
			attributes = {
				LastSwiftUpdateCheck = 1250;
				LastUpgradeCheck = 1250;
				TargetAttributes = {
					E4456E2C264C0D2200712D39 = {
						CreatedOnToolsVersion = 12.5;
					};
				};
			};
			buildConfigurationList = E4456E28264C0D2200712D39 /* Build configuration list for PBXProject "Bonjour1" */;
			compatibilityVersion = "Xcode 9.3";
			developmentRegion = en;
			hasScannedForEncodings = 0;
			knownRegions = (
				en,
				Base,
			);
			mainGroup = E4456E24264C0D2200712D39;
			productRefGroup = E4456E2E264C0D2200712D39 /* Products */;
			projectDirPath = "";
			projectRoot = "";
			targets = (
				E4456E2C264C0D2200712D39 /* Bonjour1 */,
			);
		};
/* End PBXProject section */

/* Begin PBXResourcesBuildPhase section */
		E4456E2B264C0D2200712D39 /* Resources */ = {
			isa = PBXResourcesBuildPhase;
			buildActionMask = 2147483647;
			files = (
				E4456E47264C268900712D39 /* Notes.txt in Resources */,
				E4456E45264C267600712D39 /* LICENSE.txt in Resources */,
				E4456E4F264C6B2400712D39 /* NodeCollectionViewItem.xib in Resources */,
				E4456E35264C0D2300712D39 /* Assets.xcassets in Resources */,
				E4456E38264C0D2300712D39 /* Main.storyboard in Resources */,
			);
			runOnlyForDeploymentPostprocessing = 0;
		};
/* End PBXResourcesBuildPhase section */

/* Begin PBXSourcesBuildPhase section */
		E4456E29264C0D2200712D39 /* Sources */ = {
			isa = PBXSourcesBuildPhase;
			buildActionMask = 2147483647;
			files = (
				E4456E33264C0D2200712D39 /* ViewController.swift in Sources */,
				E4456E4E264C6B2400712D39 /* NodeCollectionViewItem.swift in Sources */,
				E4456E31264C0D2200712D39 /* AppDelegate.swift in Sources */,
				E4456E4B264C375400712D39 /* Connection.swift in Sources */,
				E4456E41264C1B5A00712D39 /* Browser.swift in Sources */,
				E4456E49264C2EFB00712D39 /* Listener.swift in Sources */,
			);
			runOnlyForDeploymentPostprocessing = 0;
		};
/* End PBXSourcesBuildPhase section */

/* Begin PBXVariantGroup section */
		E4456E36264C0D2300712D39 /* Main.storyboard */ = {
			isa = PBXVariantGroup;
			children = (
				E4456E37264C0D2300712D39 /* Base */,
			);
			name = Main.storyboard;
			sourceTree = "<group>";
		};
/* End PBXVariantGroup section */

/* Begin XCBuildConfiguration section */
		E4456E3B264C0D2300712D39 /* Debug */ = {
			isa = XCBuildConfiguration;
			buildSettings = {
				ALWAYS_SEARCH_USER_PATHS = NO;
				CLANG_ANALYZER_NONNULL = YES;
				CLANG_ANALYZER_NUMBER_OBJECT_CONVERSION = YES_AGGRESSIVE;
				CLANG_CXX_LANGUAGE_STANDARD = "gnu++14";
				CLANG_CXX_LIBRARY = "libc++";
				CLANG_ENABLE_MODULES = YES;
				CLANG_ENABLE_OBJC_ARC = YES;
				CLANG_ENABLE_OBJC_WEAK = YES;
				CLANG_WARN_BLOCK_CAPTURE_AUTORELEASING = YES;
				CLANG_WARN_BOOL_CONVERSION = YES;
				CLANG_WARN_COMMA = YES;
				CLANG_WARN_CONSTANT_CONVERSION = YES;
				CLANG_WARN_DEPRECATED_OBJC_IMPLEMENTATIONS = YES;
				CLANG_WARN_DIRECT_OBJC_ISA_USAGE = YES_ERROR;
				CLANG_WARN_DOCUMENTATION_COMMENTS = YES;
				CLANG_WARN_EMPTY_BODY = YES;
				CLANG_WARN_ENUM_CONVERSION = YES;
				CLANG_WARN_INFINITE_RECURSION = YES;
				CLANG_WARN_INT_CONVERSION = YES;
				CLANG_WARN_NON_LITERAL_NULL_CONVERSION = YES;
				CLANG_WARN_OBJC_IMPLICIT_RETAIN_SELF = YES;
				CLANG_WARN_OBJC_LITERAL_CONVERSION = YES;
				CLANG_WARN_OBJC_ROOT_CLASS = YES_ERROR;
				CLANG_WARN_QUOTED_INCLUDE_IN_FRAMEWORK_HEADER = YES;
				CLANG_WARN_RANGE_LOOP_ANALYSIS = YES;
				CLANG_WARN_STRICT_PROTOTYPES = YES;
				CLANG_WARN_SUSPICIOUS_MOVE = YES;
				CLANG_WARN_UNGUARDED_AVAILABILITY = YES_AGGRESSIVE;
				CLANG_WARN_UNREACHABLE_CODE = YES;
				CLANG_WARN__DUPLICATE_METHOD_MATCH = YES;
				COPY_PHASE_STRIP = NO;
				DEBUG_INFORMATION_FORMAT = dwarf;
				ENABLE_STRICT_OBJC_MSGSEND = YES;
				ENABLE_TESTABILITY = YES;
				GCC_C_LANGUAGE_STANDARD = gnu11;
				GCC_DYNAMIC_NO_PIC = NO;
				GCC_NO_COMMON_BLOCKS = YES;
				GCC_OPTIMIZATION_LEVEL = 0;
				GCC_PREPROCESSOR_DEFINITIONS = (
					"DEBUG=1",
					"$(inherited)",
				);
				GCC_WARN_64_TO_32_BIT_CONVERSION = YES;
				GCC_WARN_ABOUT_RETURN_TYPE = YES_ERROR;
				GCC_WARN_UNDECLARED_SELECTOR = YES;
				GCC_WARN_UNINITIALIZED_AUTOS = YES_AGGRESSIVE;
				GCC_WARN_UNUSED_FUNCTION = YES;
				GCC_WARN_UNUSED_VARIABLE = YES;
				MACOSX_DEPLOYMENT_TARGET = 11.0;
				MTL_ENABLE_DEBUG_INFO = INCLUDE_SOURCE;
				MTL_FAST_MATH = YES;
				ONLY_ACTIVE_ARCH = YES;
				SDKROOT = macosx;
				SWIFT_ACTIVE_COMPILATION_CONDITIONS = DEBUG;
				SWIFT_OPTIMIZATION_LEVEL = "-Onone";
			};
			name = Debug;
		};
		E4456E3C264C0D2300712D39 /* Release */ = {
			isa = XCBuildConfiguration;
			buildSettings = {
				ALWAYS_SEARCH_USER_PATHS = NO;
				CLANG_ANALYZER_NONNULL = YES;
				CLANG_ANALYZER_NUMBER_OBJECT_CONVERSION = YES_AGGRESSIVE;
				CLANG_CXX_LANGUAGE_STANDARD = "gnu++14";
				CLANG_CXX_LIBRARY = "libc++";
				CLANG_ENABLE_MODULES = YES;
				CLANG_ENABLE_OBJC_ARC = YES;
				CLANG_ENABLE_OBJC_WEAK = YES;
				CLANG_WARN_BLOCK_CAPTURE_AUTORELEASING = YES;
				CLANG_WARN_BOOL_CONVERSION = YES;
				CLANG_WARN_COMMA = YES;
				CLANG_WARN_CONSTANT_CONVERSION = YES;
				CLANG_WARN_DEPRECATED_OBJC_IMPLEMENTATIONS = YES;
				CLANG_WARN_DIRECT_OBJC_ISA_USAGE = YES_ERROR;
				CLANG_WARN_DOCUMENTATION_COMMENTS = YES;
				CLANG_WARN_EMPTY_BODY = YES;
				CLANG_WARN_ENUM_CONVERSION = YES;
				CLANG_WARN_INFINITE_RECURSION = YES;
				CLANG_WARN_INT_CONVERSION = YES;
				CLANG_WARN_NON_LITERAL_NULL_CONVERSION = YES;
				CLANG_WARN_OBJC_IMPLICIT_RETAIN_SELF = YES;
				CLANG_WARN_OBJC_LITERAL_CONVERSION = YES;
				CLANG_WARN_OBJC_ROOT_CLASS = YES_ERROR;
				CLANG_WARN_QUOTED_INCLUDE_IN_FRAMEWORK_HEADER = YES;
				CLANG_WARN_RANGE_LOOP_ANALYSIS = YES;
				CLANG_WARN_STRICT_PROTOTYPES = YES;
				CLANG_WARN_SUSPICIOUS_MOVE = YES;
				CLANG_WARN_UNGUARDED_AVAILABILITY = YES_AGGRESSIVE;
				CLANG_WARN_UNREACHABLE_CODE = YES;
				CLANG_WARN__DUPLICATE_METHOD_MATCH = YES;
				COPY_PHASE_STRIP = NO;
				DEBUG_INFORMATION_FORMAT = "dwarf-with-dsym";
				ENABLE_NS_ASSERTIONS = NO;
				ENABLE_STRICT_OBJC_MSGSEND = YES;
				GCC_C_LANGUAGE_STANDARD = gnu11;
				GCC_NO_COMMON_BLOCKS = YES;
				GCC_WARN_64_TO_32_BIT_CONVERSION = YES;
				GCC_WARN_ABOUT_RETURN_TYPE = YES_ERROR;
				GCC_WARN_UNDECLARED_SELECTOR = YES;
				GCC_WARN_UNINITIALIZED_AUTOS = YES_AGGRESSIVE;
				GCC_WARN_UNUSED_FUNCTION = YES;
				GCC_WARN_UNUSED_VARIABLE = YES;
				MACOSX_DEPLOYMENT_TARGET = 11.0;
				MTL_ENABLE_DEBUG_INFO = NO;
				MTL_FAST_MATH = YES;
				SDKROOT = macosx;
				SWIFT_COMPILATION_MODE = wholemodule;
				SWIFT_OPTIMIZATION_LEVEL = "-O";
			};
			name = Release;
		};
		E4456E3E264C0D2300712D39 /* Debug */ = {
			isa = XCBuildConfiguration;
			buildSettings = {
				ASSETCATALOG_COMPILER_APPICON_NAME = AppIcon;
				ASSETCATALOG_COMPILER_GLOBAL_ACCENT_COLOR_NAME = AccentColor;
				CODE_SIGN_ENTITLEMENTS = Bonjour1/Bonjour1.entitlements;
				CODE_SIGN_STYLE = Automatic;
				COMBINE_HIDPI_IMAGES = YES;
				DEVELOPMENT_TEAM = R28W7FR6SE;
				ENABLE_HARDENED_RUNTIME = YES;
				INFOPLIST_FILE = Bonjour1/Info.plist;
				LD_RUNPATH_SEARCH_PATHS = (
					"$(inherited)",
					"@executable_path/../Frameworks",
				);
				PRODUCT_BUNDLE_IDENTIFIER = com.unlikelyware.Bonjour1;
				PRODUCT_NAME = "$(TARGET_NAME)";
				SWIFT_VERSION = 5.0;
			};
			name = Debug;
		};
		E4456E3F264C0D2300712D39 /* Release */ = {
			isa = XCBuildConfiguration;
			buildSettings = {
				ASSETCATALOG_COMPILER_APPICON_NAME = AppIcon;
				ASSETCATALOG_COMPILER_GLOBAL_ACCENT_COLOR_NAME = AccentColor;
				CODE_SIGN_ENTITLEMENTS = Bonjour1/Bonjour1.entitlements;
				CODE_SIGN_STYLE = Automatic;
				COMBINE_HIDPI_IMAGES = YES;
				DEVELOPMENT_TEAM = R28W7FR6SE;
				ENABLE_HARDENED_RUNTIME = YES;
				INFOPLIST_FILE = Bonjour1/Info.plist;
				LD_RUNPATH_SEARCH_PATHS = (
					"$(inherited)",
					"@executable_path/../Frameworks",
				);
				PRODUCT_BUNDLE_IDENTIFIER = com.unlikelyware.Bonjour1;
				PRODUCT_NAME = "$(TARGET_NAME)";
				SWIFT_VERSION = 5.0;
			};
			name = Release;
		};
/* End XCBuildConfiguration section */

/* Begin XCConfigurationList section */
		E4456E28264C0D2200712D39 /* Build configuration list for PBXProject "Bonjour1" */ = {
			isa = XCConfigurationList;
			buildConfigurations = (
				E4456E3B264C0D2300712D39 /* Debug */,
				E4456E3C264C0D2300712D39 /* Release */,
			);
			defaultConfigurationIsVisible = 0;
			defaultConfigurationName = Release;
		};
		E4456E3D264C0D2300712D39 /* Build configuration list for PBXNativeTarget "Bonjour1" */ = {
			isa = XCConfigurationList;
			buildConfigurations = (
				E4456E3E264C0D2300712D39 /* Debug */,
				E4456E3F264C0D2300712D39 /* Release */,
			);
			defaultConfigurationIsVisible = 0;
			defaultConfigurationName = Release;
		};
/* End XCConfigurationList section */
	};
	rootObject = E4456E25264C0D2200712D39 /* Project object */;
}
